// !$*UTF8*$!
{
	archiveVersion = 1;
	classes = {
	};
	objectVersion = 46;
	objects = {

/* Begin PBXBuildFile section */
		0C324D51173DA0B100171ACC /* UIKit.framework in Frameworks */ = {isa = PBXBuildFile; fileRef = 0C324D50173DA0B100171ACC /* UIKit.framework */; };
		0C324D53173DA0B100171ACC /* Foundation.framework in Frameworks */ = {isa = PBXBuildFile; fileRef = 0C324D52173DA0B100171ACC /* Foundation.framework */; };
		0C324D55173DA0B100171ACC /* CoreGraphics.framework in Frameworks */ = {isa = PBXBuildFile; fileRef = 0C324D54173DA0B100171ACC /* CoreGraphics.framework */; };
		0C324D57173DA0B100171ACC /* CoreData.framework in Frameworks */ = {isa = PBXBuildFile; fileRef = 0C324D56173DA0B100171ACC /* CoreData.framework */; };
		0C324D5D173DA0B100171ACC /* InfoPlist.strings in Resources */ = {isa = PBXBuildFile; fileRef = 0C324D5B173DA0B100171ACC /* InfoPlist.strings */; };
		0C324D5F173DA0B100171ACC /* main.m in Sources */ = {isa = PBXBuildFile; fileRef = 0C324D5E173DA0B100171ACC /* main.m */; };
		0C324D63173DA0B100171ACC /* DDNAppDelegate.m in Sources */ = {isa = PBXBuildFile; fileRef = 0C324D62173DA0B100171ACC /* DDNAppDelegate.m */; };
		0C324D65173DA0B100171ACC /* Default.png in Resources */ = {isa = PBXBuildFile; fileRef = 0C324D64173DA0B100171ACC /* Default.png */; };
		0C324D67173DA0B100171ACC /* Default@2x.png in Resources */ = {isa = PBXBuildFile; fileRef = 0C324D66173DA0B100171ACC /* Default@2x.png */; };
		0C324D69173DA0B100171ACC /* Default-568h@2x.png in Resources */ = {isa = PBXBuildFile; fileRef = 0C324D68173DA0B100171ACC /* Default-568h@2x.png */; };
		0C324D6C173DA0B100171ACC /* MainStoryboard.storyboard in Resources */ = {isa = PBXBuildFile; fileRef = 0C324D6A173DA0B100171ACC /* MainStoryboard.storyboard */; };
		0C324D6F173DA0B100171ACC /* D_D_Next_Character_Sheet.xcdatamodeld in Sources */ = {isa = PBXBuildFile; fileRef = 0C324D6D173DA0B100171ACC /* D_D_Next_Character_Sheet.xcdatamodeld */; };
		0C324D72173DA0B100171ACC /* DDNMasterViewController.m in Sources */ = {isa = PBXBuildFile; fileRef = 0C324D71173DA0B100171ACC /* DDNMasterViewController.m */; };
		0C324D75173DA0B100171ACC /* DDNDetailViewController.m in Sources */ = {isa = PBXBuildFile; fileRef = 0C324D74173DA0B100171ACC /* DDNDetailViewController.m */; };
/* End PBXBuildFile section */

/* Begin PBXFileReference section */
		0C324D4D173DA0B100171ACC /* D&D Next Character Sheet.app */ = {isa = PBXFileReference; explicitFileType = wrapper.application; includeInIndex = 0; path = "D&D Next Character Sheet.app"; sourceTree = BUILT_PRODUCTS_DIR; };
		0C324D50173DA0B100171ACC /* UIKit.framework */ = {isa = PBXFileReference; lastKnownFileType = wrapper.framework; name = UIKit.framework; path = System/Library/Frameworks/UIKit.framework; sourceTree = SDKROOT; };
		0C324D52173DA0B100171ACC /* Foundation.framework */ = {isa = PBXFileReference; lastKnownFileType = wrapper.framework; name = Foundation.framework; path = System/Library/Frameworks/Foundation.framework; sourceTree = SDKROOT; };
		0C324D54173DA0B100171ACC /* CoreGraphics.framework */ = {isa = PBXFileReference; lastKnownFileType = wrapper.framework; name = CoreGraphics.framework; path = System/Library/Frameworks/CoreGraphics.framework; sourceTree = SDKROOT; };
		0C324D56173DA0B100171ACC /* CoreData.framework */ = {isa = PBXFileReference; lastKnownFileType = wrapper.framework; name = CoreData.framework; path = System/Library/Frameworks/CoreData.framework; sourceTree = SDKROOT; };
		0C324D5A173DA0B100171ACC /* D&D Next Character Sheet-Info.plist */ = {isa = PBXFileReference; lastKnownFileType = text.plist.xml; path = "D&D Next Character Sheet-Info.plist"; sourceTree = "<group>"; };
		0C324D5C173DA0B100171ACC /* en */ = {isa = PBXFileReference; lastKnownFileType = text.plist.strings; name = en; path = en.lproj/InfoPlist.strings; sourceTree = "<group>"; };
		0C324D5E173DA0B100171ACC /* main.m */ = {isa = PBXFileReference; lastKnownFileType = sourcecode.c.objc; path = main.m; sourceTree = "<group>"; };
		0C324D60173DA0B100171ACC /* D&D Next Character Sheet-Prefix.pch */ = {isa = PBXFileReference; lastKnownFileType = sourcecode.c.h; path = "D&D Next Character Sheet-Prefix.pch"; sourceTree = "<group>"; };
		0C324D61173DA0B100171ACC /* DDNAppDelegate.h */ = {isa = PBXFileReference; lastKnownFileType = sourcecode.c.h; path = DDNAppDelegate.h; sourceTree = "<group>"; };
		0C324D62173DA0B100171ACC /* DDNAppDelegate.m */ = {isa = PBXFileReference; lastKnownFileType = sourcecode.c.objc; path = DDNAppDelegate.m; sourceTree = "<group>"; };
		0C324D64173DA0B100171ACC /* Default.png */ = {isa = PBXFileReference; lastKnownFileType = image.png; path = Default.png; sourceTree = "<group>"; };
		0C324D66173DA0B100171ACC /* Default@2x.png */ = {isa = PBXFileReference; lastKnownFileType = image.png; path = "Default@2x.png"; sourceTree = "<group>"; };
		0C324D68173DA0B100171ACC /* Default-568h@2x.png */ = {isa = PBXFileReference; lastKnownFileType = image.png; path = "Default-568h@2x.png"; sourceTree = "<group>"; };
		0C324D6B173DA0B100171ACC /* en */ = {isa = PBXFileReference; lastKnownFileType = file.storyboard; name = en; path = en.lproj/MainStoryboard.storyboard; sourceTree = "<group>"; };
		0C324D6E173DA0B100171ACC /* D_D_Next_Character_Sheet.xcdatamodel */ = {isa = PBXFileReference; lastKnownFileType = wrapper.xcdatamodel; path = D_D_Next_Character_Sheet.xcdatamodel; sourceTree = "<group>"; };
		0C324D70173DA0B100171ACC /* DDNMasterViewController.h */ = {isa = PBXFileReference; lastKnownFileType = sourcecode.c.h; path = DDNMasterViewController.h; sourceTree = "<group>"; };
		0C324D71173DA0B100171ACC /* DDNMasterViewController.m */ = {isa = PBXFileReference; lastKnownFileType = sourcecode.c.objc; path = DDNMasterViewController.m; sourceTree = "<group>"; };
		0C324D73173DA0B100171ACC /* DDNDetailViewController.h */ = {isa = PBXFileReference; lastKnownFileType = sourcecode.c.h; path = DDNDetailViewController.h; sourceTree = "<group>"; };
		0C324D74173DA0B100171ACC /* DDNDetailViewController.m */ = {isa = PBXFileReference; lastKnownFileType = sourcecode.c.objc; path = DDNDetailViewController.m; sourceTree = "<group>"; };
/* End PBXFileReference section */

/* Begin PBXFrameworksBuildPhase section */
		0C324D4A173DA0B100171ACC /* Frameworks */ = {
			isa = PBXFrameworksBuildPhase;
			buildActionMask = 2147483647;
			files = (
				0C324D51173DA0B100171ACC /* UIKit.framework in Frameworks */,
				0C324D53173DA0B100171ACC /* Foundation.framework in Frameworks */,
				0C324D55173DA0B100171ACC /* CoreGraphics.framework in Frameworks */,
				0C324D57173DA0B100171ACC /* CoreData.framework in Frameworks */,
			);
			runOnlyForDeploymentPostprocessing = 0;
		};
/* End PBXFrameworksBuildPhase section */

/* Begin PBXGroup section */
		0C324D44173DA0B100171ACC = {
			isa = PBXGroup;
			children = (
				0C324D58173DA0B100171ACC /* D&D Next Character Sheet */,
				0C324D4F173DA0B100171ACC /* Frameworks */,
				0C324D4E173DA0B100171ACC /* Products */,
			);
			sourceTree = "<group>";
		};
		0C324D4E173DA0B100171ACC /* Products */ = {
			isa = PBXGroup;
			children = (
				0C324D4D173DA0B100171ACC /* D&D Next Character Sheet.app */,
			);
			name = Products;
			sourceTree = "<group>";
		};
		0C324D4F173DA0B100171ACC /* Frameworks */ = {
			isa = PBXGroup;
			children = (
				0C324D50173DA0B100171ACC /* UIKit.framework */,
				0C324D52173DA0B100171ACC /* Foundation.framework */,
				0C324D54173DA0B100171ACC /* CoreGraphics.framework */,
				0C324D56173DA0B100171ACC /* CoreData.framework */,
			);
			name = Frameworks;
			sourceTree = "<group>";
		};
		0C324D58173DA0B100171ACC /* D&D Next Character Sheet */ = {
			isa = PBXGroup;
			children = (
				0C324D61173DA0B100171ACC /* DDNAppDelegate.h */,
				0C324D62173DA0B100171ACC /* DDNAppDelegate.m */,
				0C324D6A173DA0B100171ACC /* MainStoryboard.storyboard */,
				0C324D70173DA0B100171ACC /* DDNMasterViewController.h */,
				0C324D71173DA0B100171ACC /* DDNMasterViewController.m */,
				0C324D73173DA0B100171ACC /* DDNDetailViewController.h */,
				0C324D74173DA0B100171ACC /* DDNDetailViewController.m */,
				0C324D6D173DA0B100171ACC /* D_D_Next_Character_Sheet.xcdatamodeld */,
				0C324D59173DA0B100171ACC /* Supporting Files */,
			);
			path = "D&D Next Character Sheet";
			sourceTree = "<group>";
		};
		0C324D59173DA0B100171ACC /* Supporting Files */ = {
			isa = PBXGroup;
			children = (
				0C324D5A173DA0B100171ACC /* D&D Next Character Sheet-Info.plist */,
				0C324D5B173DA0B100171ACC /* InfoPlist.strings */,
				0C324D5E173DA0B100171ACC /* main.m */,
				0C324D60173DA0B100171ACC /* D&D Next Character Sheet-Prefix.pch */,
				0C324D64173DA0B100171ACC /* Default.png */,
				0C324D66173DA0B100171ACC /* Default@2x.png */,
				0C324D68173DA0B100171ACC /* Default-568h@2x.png */,
			);
			name = "Supporting Files";
			sourceTree = "<group>";
		};
/* End PBXGroup section */

/* Begin PBXNativeTarget section */
		0C324D4C173DA0B100171ACC /* D&D Next Character Sheet */ = {
			isa = PBXNativeTarget;
			buildConfigurationList = 0C324D78173DA0B100171ACC /* Build configuration list for PBXNativeTarget "D&D Next Character Sheet" */;
			buildPhases = (
				0C324D49173DA0B100171ACC /* Sources */,
				0C324D4A173DA0B100171ACC /* Frameworks */,
				0C324D4B173DA0B100171ACC /* Resources */,
			);
			buildRules = (
			);
			dependencies = (
			);
			name = "D&D Next Character Sheet";
			productName = "D&D Next Character Sheet";
			productReference = 0C324D4D173DA0B100171ACC /* D&D Next Character Sheet.app */;
			productType = "com.apple.product-type.application";
		};
/* End PBXNativeTarget section */

/* Begin PBXProject section */
		0C324D45173DA0B100171ACC /* Project object */ = {
			isa = PBXProject;
			attributes = {
				CLASSPREFIX = DDN;
				LastUpgradeCheck = 0460;
				ORGANIZATIONNAME = JPBetley;
			};
			buildConfigurationList = 0C324D48173DA0B100171ACC /* Build configuration list for PBXProject "D&D Next Character Sheet" */;
			compatibilityVersion = "Xcode 3.2";
			developmentRegion = English;
			hasScannedForEncodings = 0;
			knownRegions = (
				en,
			);
			mainGroup = 0C324D44173DA0B100171ACC;
			productRefGroup = 0C324D4E173DA0B100171ACC /* Products */;
			projectDirPath = "";
			projectRoot = "";
			targets = (
				0C324D4C173DA0B100171ACC /* D&D Next Character Sheet */,
			);
		};
/* End PBXProject section */

/* Begin PBXResourcesBuildPhase section */
		0C324D4B173DA0B100171ACC /* Resources */ = {
			isa = PBXResourcesBuildPhase;
			buildActionMask = 2147483647;
			files = (
				0C324D5D173DA0B100171ACC /* InfoPlist.strings in Resources */,
				0C324D65173DA0B100171ACC /* Default.png in Resources */,
				0C324D67173DA0B100171ACC /* Default@2x.png in Resources */,
				0C324D69173DA0B100171ACC /* Default-568h@2x.png in Resources */,
				0C324D6C173DA0B100171ACC /* MainStoryboard.storyboard in Resources */,
			);
			runOnlyForDeploymentPostprocessing = 0;
		};
/* End PBXResourcesBuildPhase section */

/* Begin PBXSourcesBuildPhase section */
		0C324D49173DA0B100171ACC /* Sources */ = {
			isa = PBXSourcesBuildPhase;
			buildActionMask = 2147483647;
			files = (
				0C324D5F173DA0B100171ACC /* main.m in Sources */,
				0C324D63173DA0B100171ACC /* DDNAppDelegate.m in Sources */,
				0C324D6F173DA0B100171ACC /* D_D_Next_Character_Sheet.xcdatamodeld in Sources */,
				0C324D72173DA0B100171ACC /* DDNMasterViewController.m in Sources */,
				0C324D75173DA0B100171ACC /* DDNDetailViewController.m in Sources */,
			);
			runOnlyForDeploymentPostprocessing = 0;
		};
/* End PBXSourcesBuildPhase section */

/* Begin PBXVariantGroup section */
		0C324D5B173DA0B100171ACC /* InfoPlist.strings */ = {
			isa = PBXVariantGroup;
			children = (
				0C324D5C173DA0B100171ACC /* en */,
			);
			name = InfoPlist.strings;
			sourceTree = "<group>";
		};
		0C324D6A173DA0B100171ACC /* MainStoryboard.storyboard */ = {
			isa = PBXVariantGroup;
			children = (
				0C324D6B173DA0B100171ACC /* en */,
			);
			name = MainStoryboard.storyboard;
			sourceTree = "<group>";
		};
/* End PBXVariantGroup section */

/* Begin XCBuildConfiguration section */
		0C324D76173DA0B100171ACC /* Debug */ = {
			isa = XCBuildConfiguration;
			buildSettings = {
				ALWAYS_SEARCH_USER_PATHS = NO;
				CLANG_CXX_LANGUAGE_STANDARD = "gnu++0x";
				CLANG_CXX_LIBRARY = "libc++";
				CLANG_ENABLE_OBJC_ARC = YES;
				CLANG_WARN_CONSTANT_CONVERSION = YES;
				CLANG_WARN_EMPTY_BODY = YES;
				CLANG_WARN_ENUM_CONVERSION = YES;
				CLANG_WARN_INT_CONVERSION = YES;
				CLANG_WARN__DUPLICATE_METHOD_MATCH = YES;
				"CODE_SIGN_IDENTITY[sdk=iphoneos*]" = "iPhone Developer";
				COPY_PHASE_STRIP = NO;
				GCC_C_LANGUAGE_STANDARD = gnu99;
				GCC_DYNAMIC_NO_PIC = NO;
				GCC_OPTIMIZATION_LEVEL = 0;
				GCC_PREPROCESSOR_DEFINITIONS = (
					"DEBUG=1",
					"$(inherited)",
				);
				GCC_SYMBOLS_PRIVATE_EXTERN = NO;
				GCC_WARN_ABOUT_RETURN_TYPE = YES;
				GCC_WARN_UNINITIALIZED_AUTOS = YES;
				GCC_WARN_UNUSED_VARIABLE = YES;
				IPHONEOS_DEPLOYMENT_TARGET = 6.1;
				ONLY_ACTIVE_ARCH = YES;
				SDKROOT = iphoneos;
			};
			name = Debug;
		};
		0C324D77173DA0B100171ACC /* Release */ = {
			isa = XCBuildConfiguration;
			buildSettings = {
				ALWAYS_SEARCH_USER_PATHS = NO;
				CLANG_CXX_LANGUAGE_STANDARD = "gnu++0x";
				CLANG_CXX_LIBRARY = "libc++";
				CLANG_ENABLE_OBJC_ARC = YES;
				CLANG_WARN_CONSTANT_CONVERSION = YES;
				CLANG_WARN_EMPTY_BODY = YES;
				CLANG_WARN_ENUM_CONVERSION = YES;
				CLANG_WARN_INT_CONVERSION = YES;
				CLANG_WARN__DUPLICATE_METHOD_MATCH = YES;
				"CODE_SIGN_IDENTITY[sdk=iphoneos*]" = "iPhone Developer";
				COPY_PHASE_STRIP = YES;
				GCC_C_LANGUAGE_STANDARD = gnu99;
				GCC_WARN_ABOUT_RETURN_TYPE = YES;
				GCC_WARN_UNINITIALIZED_AUTOS = YES;
				GCC_WARN_UNUSED_VARIABLE = YES;
				IPHONEOS_DEPLOYMENT_TARGET = 6.1;
				OTHER_CFLAGS = "-DNS_BLOCK_ASSERTIONS=1";
				SDKROOT = iphoneos;
				VALIDATE_PRODUCT = YES;
			};
			name = Release;
		};
		0C324D79173DA0B100171ACC /* Debug */ = {
			isa = XCBuildConfiguration;
			buildSettings = {
				GCC_PRECOMPILE_PREFIX_HEADER = YES;
				GCC_PREFIX_HEADER = "D&D Next Character Sheet/D&D Next Character Sheet-Prefix.pch";
				INFOPLIST_FILE = "D&D Next Character Sheet/D&D Next Character Sheet-Info.plist";
				PRODUCT_NAME = "$(TARGET_NAME)";
				WRAPPER_EXTENSION = app;
			};
			name = Debug;
		};
		0C324D7A173DA0B100171ACC /* Release */ = {
			isa = XCBuildConfiguration;
			buildSettings = {
				GCC_PRECOMPILE_PREFIX_HEADER = YES;
				GCC_PREFIX_HEADER = "D&D Next Character Sheet/D&D Next Character Sheet-Prefix.pch";
				INFOPLIST_FILE = "D&D Next Character Sheet/D&D Next Character Sheet-Info.plist";
				PRODUCT_NAME = "$(TARGET_NAME)";
				WRAPPER_EXTENSION = app;
			};
			name = Release;
		};
/* End XCBuildConfiguration section */

/* Begin XCConfigurationList section */
		0C324D48173DA0B100171ACC /* Build configuration list for PBXProject "D&D Next Character Sheet" */ = {
			isa = XCConfigurationList;
			buildConfigurations = (
				0C324D76173DA0B100171ACC /* Debug */,
				0C324D77173DA0B100171ACC /* Release */,
			);
			defaultConfigurationIsVisible = 0;
			defaultConfigurationName = Release;
		};
		0C324D78173DA0B100171ACC /* Build configuration list for PBXNativeTarget "D&D Next Character Sheet" */ = {
			isa = XCConfigurationList;
			buildConfigurations = (
				0C324D79173DA0B100171ACC /* Debug */,
				0C324D7A173DA0B100171ACC /* Release */,
			);
			defaultConfigurationIsVisible = 0;
		};
/* End XCConfigurationList section */

/* Begin XCVersionGroup section */
		0C324D6D173DA0B100171ACC /* D_D_Next_Character_Sheet.xcdatamodeld */ = {
			isa = XCVersionGroup;
			children = (
				0C324D6E173DA0B100171ACC /* D_D_Next_Character_Sheet.xcdatamodel */,
			);
			currentVersion = 0C324D6E173DA0B100171ACC /* D_D_Next_Character_Sheet.xcdatamodel */;
			path = D_D_Next_Character_Sheet.xcdatamodeld;
			sourceTree = "<group>";
			versionGroupType = wrapper.xcdatamodel;
		};
/* End XCVersionGroup section */
	};
	rootObject = 0C324D45173DA0B100171ACC /* Project object */;
}
